// !$*UTF8*$!
{
	archiveVersion = 1;
	classes = {
	};
	objectVersion = 56;
	objects = {

/* Begin PBXBuildFile section */
		B439640129012EC2001A0309 /* LocationSearchResultCell.swift in Sources */ = {isa = PBXBuildFile; fileRef = B439640029012EC2001A0309 /* LocationSearchResultCell.swift */; };
		B43964032901473A001A0309 /* LocationSearchViewModel.swift in Sources */ = {isa = PBXBuildFile; fileRef = B43964022901473A001A0309 /* LocationSearchViewModel.swift */; };
		B4B5EA6F29005FFD00D46ADA /* UberSwiftUIApp.swift in Sources */ = {isa = PBXBuildFile; fileRef = B4B5EA6E29005FFD00D46ADA /* UberSwiftUIApp.swift */; };
		B4B5EA7329005FFE00D46ADA /* Assets.xcassets in Resources */ = {isa = PBXBuildFile; fileRef = B4B5EA7229005FFE00D46ADA /* Assets.xcassets */; };
		B4B5EA7629005FFE00D46ADA /* Preview Assets.xcassets in Resources */ = {isa = PBXBuildFile; fileRef = B4B5EA7529005FFE00D46ADA /* Preview Assets.xcassets */; };
		B4B5EA842900619000D46ADA /* HomeView.swift in Sources */ = {isa = PBXBuildFile; fileRef = B4B5EA832900619000D46ADA /* HomeView.swift */; };
		B4B5EA862900625E00D46ADA /* UberMapViewRepresentable.swift in Sources */ = {isa = PBXBuildFile; fileRef = B4B5EA852900625E00D46ADA /* UberMapViewRepresentable.swift */; };
		B4B5EA882900654300D46ADA /* LocationManager.swift in Sources */ = {isa = PBXBuildFile; fileRef = B4B5EA872900654300D46ADA /* LocationManager.swift */; };
		B4B5EA8A2900745800D46ADA /* .gitignore in Resources */ = {isa = PBXBuildFile; fileRef = B4B5EA892900745800D46ADA /* .gitignore */; };
		B4B5EA90290078E800D46ADA /* LocationSearchActivationView.swift in Sources */ = {isa = PBXBuildFile; fileRef = B4B5EA8F290078E800D46ADA /* LocationSearchActivationView.swift */; };
		B4B5EA9229007B6300D46ADA /* MapViewActionButton.swift in Sources */ = {isa = PBXBuildFile; fileRef = B4B5EA9129007B6300D46ADA /* MapViewActionButton.swift */; };
		B4B5EA9429007FEC00D46ADA /* LocationSearchView.swift in Sources */ = {isa = PBXBuildFile; fileRef = B4B5EA9329007FEC00D46ADA /* LocationSearchView.swift */; };
/* End PBXBuildFile section */

/* Begin PBXFileReference section */
		B439640029012EC2001A0309 /* LocationSearchResultCell.swift */ = {isa = PBXFileReference; lastKnownFileType = sourcecode.swift; path = LocationSearchResultCell.swift; sourceTree = "<group>"; };
		B43964022901473A001A0309 /* LocationSearchViewModel.swift */ = {isa = PBXFileReference; lastKnownFileType = sourcecode.swift; path = LocationSearchViewModel.swift; sourceTree = "<group>"; };
		B4B5EA6B29005FFD00D46ADA /* UberSwiftUI.app */ = {isa = PBXFileReference; explicitFileType = wrapper.application; includeInIndex = 0; path = UberSwiftUI.app; sourceTree = BUILT_PRODUCTS_DIR; };
		B4B5EA6E29005FFD00D46ADA /* UberSwiftUIApp.swift */ = {isa = PBXFileReference; lastKnownFileType = sourcecode.swift; path = UberSwiftUIApp.swift; sourceTree = "<group>"; };
		B4B5EA7229005FFE00D46ADA /* Assets.xcassets */ = {isa = PBXFileReference; lastKnownFileType = folder.assetcatalog; path = Assets.xcassets; sourceTree = "<group>"; };
		B4B5EA7529005FFE00D46ADA /* Preview Assets.xcassets */ = {isa = PBXFileReference; lastKnownFileType = folder.assetcatalog; path = "Preview Assets.xcassets"; sourceTree = "<group>"; };
		B4B5EA832900619000D46ADA /* HomeView.swift */ = {isa = PBXFileReference; lastKnownFileType = sourcecode.swift; path = HomeView.swift; sourceTree = "<group>"; };
		B4B5EA852900625E00D46ADA /* UberMapViewRepresentable.swift */ = {isa = PBXFileReference; lastKnownFileType = sourcecode.swift; path = UberMapViewRepresentable.swift; sourceTree = "<group>"; };
		B4B5EA872900654300D46ADA /* LocationManager.swift */ = {isa = PBXFileReference; lastKnownFileType = sourcecode.swift; path = LocationManager.swift; sourceTree = "<group>"; };
		B4B5EA892900745800D46ADA /* .gitignore */ = {isa = PBXFileReference; lastKnownFileType = text; path = .gitignore; sourceTree = "<group>"; };
		B4B5EA8F290078E800D46ADA /* LocationSearchActivationView.swift */ = {isa = PBXFileReference; lastKnownFileType = sourcecode.swift; path = LocationSearchActivationView.swift; sourceTree = "<group>"; };
		B4B5EA9129007B6300D46ADA /* MapViewActionButton.swift */ = {isa = PBXFileReference; lastKnownFileType = sourcecode.swift; path = MapViewActionButton.swift; sourceTree = "<group>"; };
		B4B5EA9329007FEC00D46ADA /* LocationSearchView.swift */ = {isa = PBXFileReference; lastKnownFileType = sourcecode.swift; path = LocationSearchView.swift; sourceTree = "<group>"; };
/* End PBXFileReference section */

/* Begin PBXFrameworksBuildPhase section */
		B4B5EA6829005FFD00D46ADA /* Frameworks */ = {
			isa = PBXFrameworksBuildPhase;
			buildActionMask = 2147483647;
			files = (
			);
			runOnlyForDeploymentPostprocessing = 0;
		};
/* End PBXFrameworksBuildPhase section */

/* Begin PBXGroup section */
		B4B5EA6229005FFD00D46ADA = {
			isa = PBXGroup;
			children = (
				B4B5EA892900745800D46ADA /* .gitignore */,
				B4B5EA6D29005FFD00D46ADA /* UberSwiftUI */,
				B4B5EA6C29005FFD00D46ADA /* Products */,
			);
			sourceTree = "<group>";
		};
		B4B5EA6C29005FFD00D46ADA /* Products */ = {
			isa = PBXGroup;
			children = (
				B4B5EA6B29005FFD00D46ADA /* UberSwiftUI.app */,
			);
			name = Products;
			sourceTree = "<group>";
		};
		B4B5EA6D29005FFD00D46ADA /* UberSwiftUI */ = {
			isa = PBXGroup;
			children = (
				B4B5EA802900607B00D46ADA /* Models */,
				B4B5EA7F2900607200D46ADA /* Managers */,
				B4B5EA7E2900606400D46ADA /* Extensions */,
				B4B5EA7D2900605D00D46ADA /* Core */,
				B4B5EA7C2900605500D46ADA /* App */,
				B4B5EA7229005FFE00D46ADA /* Assets.xcassets */,
				B4B5EA7429005FFE00D46ADA /* Preview Content */,
			);
			path = UberSwiftUI;
			sourceTree = "<group>";
		};
		B4B5EA7429005FFE00D46ADA /* Preview Content */ = {
			isa = PBXGroup;
			children = (
				B4B5EA7529005FFE00D46ADA /* Preview Assets.xcassets */,
			);
			path = "Preview Content";
			sourceTree = "<group>";
		};
		B4B5EA7C2900605500D46ADA /* App */ = {
			isa = PBXGroup;
			children = (
				B4B5EA6E29005FFD00D46ADA /* UberSwiftUIApp.swift */,
			);
			path = App;
			sourceTree = "<group>";
		};
		B4B5EA7D2900605D00D46ADA /* Core */ = {
			isa = PBXGroup;
			children = (
				B4B5EA8C290078A400D46ADA /* LocationSearch */,
				B4B5EA8B2900786A00D46ADA /* Home */,
			);
			path = Core;
			sourceTree = "<group>";
		};
		B4B5EA7E2900606400D46ADA /* Extensions */ = {
			isa = PBXGroup;
			children = (
			);
			path = Extensions;
			sourceTree = "<group>";
		};
		B4B5EA7F2900607200D46ADA /* Managers */ = {
			isa = PBXGroup;
			children = (
				B4B5EA872900654300D46ADA /* LocationManager.swift */,
			);
			path = Managers;
			sourceTree = "<group>";
		};
		B4B5EA802900607B00D46ADA /* Models */ = {
			isa = PBXGroup;
			children = (
			);
			path = Models;
			sourceTree = "<group>";
		};
		B4B5EA812900617700D46ADA /* ViewModels */ = {
			isa = PBXGroup;
			children = (
			);
			path = ViewModels;
			sourceTree = "<group>";
		};
		B4B5EA822900618200D46ADA /* Views */ = {
			isa = PBXGroup;
			children = (
				B4B5EA832900619000D46ADA /* HomeView.swift */,
				B4B5EA9129007B6300D46ADA /* MapViewActionButton.swift */,
				B4B5EA852900625E00D46ADA /* UberMapViewRepresentable.swift */,
			);
			path = Views;
			sourceTree = "<group>";
		};
		B4B5EA8B2900786A00D46ADA /* Home */ = {
			isa = PBXGroup;
			children = (
				B4B5EA812900617700D46ADA /* ViewModels */,
				B4B5EA822900618200D46ADA /* Views */,
			);
			path = Home;
			sourceTree = "<group>";
		};
		B4B5EA8C290078A400D46ADA /* LocationSearch */ = {
			isa = PBXGroup;
			children = (
				B4B5EA8E290078CA00D46ADA /* ViewModel */,
				B4B5EA8D290078C300D46ADA /* Views */,
			);
			path = LocationSearch;
			sourceTree = "<group>";
		};
		B4B5EA8D290078C300D46ADA /* Views */ = {
			isa = PBXGroup;
			children = (
				B4B5EA8F290078E800D46ADA /* LocationSearchActivationView.swift */,
				B4B5EA9329007FEC00D46ADA /* LocationSearchView.swift */,
				B439640029012EC2001A0309 /* LocationSearchResultCell.swift */,
			);
			path = Views;
			sourceTree = "<group>";
		};
		B4B5EA8E290078CA00D46ADA /* ViewModel */ = {
			isa = PBXGroup;
			children = (
				B43964022901473A001A0309 /* LocationSearchViewModel.swift */,
			);
			path = ViewModel;
			sourceTree = "<group>";
		};
/* End PBXGroup section */

/* Begin PBXNativeTarget section */
		B4B5EA6A29005FFD00D46ADA /* UberSwiftUI */ = {
			isa = PBXNativeTarget;
			buildConfigurationList = B4B5EA7929005FFE00D46ADA /* Build configuration list for PBXNativeTarget "UberSwiftUI" */;
			buildPhases = (
				B4B5EA6729005FFD00D46ADA /* Sources */,
				B4B5EA6829005FFD00D46ADA /* Frameworks */,
				B4B5EA6929005FFD00D46ADA /* Resources */,
			);
			buildRules = (
			);
			dependencies = (
			);
			name = UberSwiftUI;
			productName = UberSwiftUI;
			productReference = B4B5EA6B29005FFD00D46ADA /* UberSwiftUI.app */;
			productType = "com.apple.product-type.application";
		};
/* End PBXNativeTarget section */

/* Begin PBXProject section */
		B4B5EA6329005FFD00D46ADA /* Project object */ = {
			isa = PBXProject;
			attributes = {
				BuildIndependentTargetsInParallel = 1;
				LastSwiftUpdateCheck = 1400;
				LastUpgradeCheck = 1400;
				TargetAttributes = {
					B4B5EA6A29005FFD00D46ADA = {
						CreatedOnToolsVersion = 14.0.1;
					};
				};
			};
			buildConfigurationList = B4B5EA6629005FFD00D46ADA /* Build configuration list for PBXProject "UberSwiftUI" */;
			compatibilityVersion = "Xcode 14.0";
			developmentRegion = en;
			hasScannedForEncodings = 0;
			knownRegions = (
				en,
				Base,
			);
			mainGroup = B4B5EA6229005FFD00D46ADA;
			productRefGroup = B4B5EA6C29005FFD00D46ADA /* Products */;
			projectDirPath = "";
			projectRoot = "";
			targets = (
				B4B5EA6A29005FFD00D46ADA /* UberSwiftUI */,
			);
		};
/* End PBXProject section */

/* Begin PBXResourcesBuildPhase section */
		B4B5EA6929005FFD00D46ADA /* Resources */ = {
			isa = PBXResourcesBuildPhase;
			buildActionMask = 2147483647;
			files = (
				B4B5EA7629005FFE00D46ADA /* Preview Assets.xcassets in Resources */,
				B4B5EA8A2900745800D46ADA /* .gitignore in Resources */,
				B4B5EA7329005FFE00D46ADA /* Assets.xcassets in Resources */,
			);
			runOnlyForDeploymentPostprocessing = 0;
		};
/* End PBXResourcesBuildPhase section */

/* Begin PBXSourcesBuildPhase section */
		B4B5EA6729005FFD00D46ADA /* Sources */ = {
			isa = PBXSourcesBuildPhase;
			buildActionMask = 2147483647;
			files = (
				B43964032901473A001A0309 /* LocationSearchViewModel.swift in Sources */,
				B4B5EA9429007FEC00D46ADA /* LocationSearchView.swift in Sources */,
				B4B5EA882900654300D46ADA /* LocationManager.swift in Sources */,
				B4B5EA9229007B6300D46ADA /* MapViewActionButton.swift in Sources */,
				B4B5EA6F29005FFD00D46ADA /* UberSwiftUIApp.swift in Sources */,
				B4B5EA862900625E00D46ADA /* UberMapViewRepresentable.swift in Sources */,
				B4B5EA842900619000D46ADA /* HomeView.swift in Sources */,
				B4B5EA90290078E800D46ADA /* LocationSearchActivationView.swift in Sources */,
				B439640129012EC2001A0309 /* LocationSearchResultCell.swift in Sources */,
			);
			runOnlyForDeploymentPostprocessing = 0;
		};
/* End PBXSourcesBuildPhase section */

/* Begin XCBuildConfiguration section */
		B4B5EA7729005FFE00D46ADA /* Debug */ = {
			isa = XCBuildConfiguration;
			buildSettings = {
				ALWAYS_SEARCH_USER_PATHS = NO;
				CLANG_ANALYZER_NONNULL = YES;
				CLANG_ANALYZER_NUMBER_OBJECT_CONVERSION = YES_AGGRESSIVE;
				CLANG_CXX_LANGUAGE_STANDARD = "gnu++20";
				CLANG_ENABLE_MODULES = YES;
				CLANG_ENABLE_OBJC_ARC = YES;
				CLANG_ENABLE_OBJC_WEAK = YES;
				CLANG_WARN_BLOCK_CAPTURE_AUTORELEASING = YES;
				CLANG_WARN_BOOL_CONVERSION = YES;
				CLANG_WARN_COMMA = YES;
				CLANG_WARN_CONSTANT_CONVERSION = YES;
				CLANG_WARN_DEPRECATED_OBJC_IMPLEMENTATIONS = YES;
				CLANG_WARN_DIRECT_OBJC_ISA_USAGE = YES_ERROR;
				CLANG_WARN_DOCUMENTATION_COMMENTS = YES;
				CLANG_WARN_EMPTY_BODY = YES;
				CLANG_WARN_ENUM_CONVERSION = YES;
				CLANG_WARN_INFINITE_RECURSION = YES;
				CLANG_WARN_INT_CONVERSION = YES;
				CLANG_WARN_NON_LITERAL_NULL_CONVERSION = YES;
				CLANG_WARN_OBJC_IMPLICIT_RETAIN_SELF = YES;
				CLANG_WARN_OBJC_LITERAL_CONVERSION = YES;
				CLANG_WARN_OBJC_ROOT_CLASS = YES_ERROR;
				CLANG_WARN_QUOTED_INCLUDE_IN_FRAMEWORK_HEADER = YES;
				CLANG_WARN_RANGE_LOOP_ANALYSIS = YES;
				CLANG_WARN_STRICT_PROTOTYPES = YES;
				CLANG_WARN_SUSPICIOUS_MOVE = YES;
				CLANG_WARN_UNGUARDED_AVAILABILITY = YES_AGGRESSIVE;
				CLANG_WARN_UNREACHABLE_CODE = YES;
				CLANG_WARN__DUPLICATE_METHOD_MATCH = YES;
				COPY_PHASE_STRIP = NO;
				DEBUG_INFORMATION_FORMAT = dwarf;
				ENABLE_STRICT_OBJC_MSGSEND = YES;
				ENABLE_TESTABILITY = YES;
				GCC_C_LANGUAGE_STANDARD = gnu11;
				GCC_DYNAMIC_NO_PIC = NO;
				GCC_NO_COMMON_BLOCKS = YES;
				GCC_OPTIMIZATION_LEVEL = 0;
				GCC_PREPROCESSOR_DEFINITIONS = (
					"DEBUG=1",
					"$(inherited)",
				);
				GCC_WARN_64_TO_32_BIT_CONVERSION = YES;
				GCC_WARN_ABOUT_RETURN_TYPE = YES_ERROR;
				GCC_WARN_UNDECLARED_SELECTOR = YES;
				GCC_WARN_UNINITIALIZED_AUTOS = YES_AGGRESSIVE;
				GCC_WARN_UNUSED_FUNCTION = YES;
				GCC_WARN_UNUSED_VARIABLE = YES;
				IPHONEOS_DEPLOYMENT_TARGET = 16.0;
				MTL_ENABLE_DEBUG_INFO = INCLUDE_SOURCE;
				MTL_FAST_MATH = YES;
				ONLY_ACTIVE_ARCH = YES;
				SDKROOT = iphoneos;
				SWIFT_ACTIVE_COMPILATION_CONDITIONS = DEBUG;
				SWIFT_OPTIMIZATION_LEVEL = "-Onone";
			};
			name = Debug;
		};
		B4B5EA7829005FFE00D46ADA /* Release */ = {
			isa = XCBuildConfiguration;
			buildSettings = {
				ALWAYS_SEARCH_USER_PATHS = NO;
				CLANG_ANALYZER_NONNULL = YES;
				CLANG_ANALYZER_NUMBER_OBJECT_CONVERSION = YES_AGGRESSIVE;
				CLANG_CXX_LANGUAGE_STANDARD = "gnu++20";
				CLANG_ENABLE_MODULES = YES;
				CLANG_ENABLE_OBJC_ARC = YES;
				CLANG_ENABLE_OBJC_WEAK = YES;
				CLANG_WARN_BLOCK_CAPTURE_AUTORELEASING = YES;
				CLANG_WARN_BOOL_CONVERSION = YES;
				CLANG_WARN_COMMA = YES;
				CLANG_WARN_CONSTANT_CONVERSION = YES;
				CLANG_WARN_DEPRECATED_OBJC_IMPLEMENTATIONS = YES;
				CLANG_WARN_DIRECT_OBJC_ISA_USAGE = YES_ERROR;
				CLANG_WARN_DOCUMENTATION_COMMENTS = YES;
				CLANG_WARN_EMPTY_BODY = YES;
				CLANG_WARN_ENUM_CONVERSION = YES;
				CLANG_WARN_INFINITE_RECURSION = YES;
				CLANG_WARN_INT_CONVERSION = YES;
				CLANG_WARN_NON_LITERAL_NULL_CONVERSION = YES;
				CLANG_WARN_OBJC_IMPLICIT_RETAIN_SELF = YES;
				CLANG_WARN_OBJC_LITERAL_CONVERSION = YES;
				CLANG_WARN_OBJC_ROOT_CLASS = YES_ERROR;
				CLANG_WARN_QUOTED_INCLUDE_IN_FRAMEWORK_HEADER = YES;
				CLANG_WARN_RANGE_LOOP_ANALYSIS = YES;
				CLANG_WARN_STRICT_PROTOTYPES = YES;
				CLANG_WARN_SUSPICIOUS_MOVE = YES;
				CLANG_WARN_UNGUARDED_AVAILABILITY = YES_AGGRESSIVE;
				CLANG_WARN_UNREACHABLE_CODE = YES;
				CLANG_WARN__DUPLICATE_METHOD_MATCH = YES;
				COPY_PHASE_STRIP = NO;
				DEBUG_INFORMATION_FORMAT = "dwarf-with-dsym";
				ENABLE_NS_ASSERTIONS = NO;
				ENABLE_STRICT_OBJC_MSGSEND = YES;
				GCC_C_LANGUAGE_STANDARD = gnu11;
				GCC_NO_COMMON_BLOCKS = YES;
				GCC_WARN_64_TO_32_BIT_CONVERSION = YES;
				GCC_WARN_ABOUT_RETURN_TYPE = YES_ERROR;
				GCC_WARN_UNDECLARED_SELECTOR = YES;
				GCC_WARN_UNINITIALIZED_AUTOS = YES_AGGRESSIVE;
				GCC_WARN_UNUSED_FUNCTION = YES;
				GCC_WARN_UNUSED_VARIABLE = YES;
				IPHONEOS_DEPLOYMENT_TARGET = 16.0;
				MTL_ENABLE_DEBUG_INFO = NO;
				MTL_FAST_MATH = YES;
				SDKROOT = iphoneos;
				SWIFT_COMPILATION_MODE = wholemodule;
				SWIFT_OPTIMIZATION_LEVEL = "-O";
				VALIDATE_PRODUCT = YES;
			};
			name = Release;
		};
		B4B5EA7A29005FFE00D46ADA /* Debug */ = {
			isa = XCBuildConfiguration;
			buildSettings = {
				ASSETCATALOG_COMPILER_APPICON_NAME = AppIcon;
				ASSETCATALOG_COMPILER_GLOBAL_ACCENT_COLOR_NAME = AccentColor;
				CODE_SIGN_STYLE = Automatic;
				CURRENT_PROJECT_VERSION = 1;
				DEVELOPMENT_ASSET_PATHS = "\"UberSwiftUI/Preview Content\"";
				DEVELOPMENT_TEAM = Z4S8VL3GHH;
				ENABLE_PREVIEWS = YES;
				GENERATE_INFOPLIST_FILE = YES;
				INFOPLIST_KEY_NSLocationWhenInUseUsageDescription = "Please allow access to your location letting drivers to find you";
				INFOPLIST_KEY_UIApplicationSceneManifest_Generation = YES;
				INFOPLIST_KEY_UIApplicationSupportsIndirectInputEvents = YES;
				INFOPLIST_KEY_UILaunchScreen_Generation = YES;
				INFOPLIST_KEY_UISupportedInterfaceOrientations_iPad = "UIInterfaceOrientationPortrait UIInterfaceOrientationPortraitUpsideDown UIInterfaceOrientationLandscapeLeft UIInterfaceOrientationLandscapeRight";
				INFOPLIST_KEY_UISupportedInterfaceOrientations_iPhone = "UIInterfaceOrientationPortrait UIInterfaceOrientationLandscapeLeft UIInterfaceOrientationLandscapeRight";
				LD_RUNPATH_SEARCH_PATHS = (
					"$(inherited)",
					"@executable_path/Frameworks",
				);
				MARKETING_VERSION = 1.0;
				PRODUCT_BUNDLE_IDENTIFIER = su.andrerusso.UberSwiftUI;
				PRODUCT_NAME = "$(TARGET_NAME)";
				SWIFT_EMIT_LOC_STRINGS = YES;
				SWIFT_VERSION = 5.0;
				TARGETED_DEVICE_FAMILY = "1,2";
			};
			name = Debug;
		};
		B4B5EA7B29005FFE00D46ADA /* Release */ = {
			isa = XCBuildConfiguration;
			buildSettings = {
				ASSETCATALOG_COMPILER_APPICON_NAME = AppIcon;
				ASSETCATALOG_COMPILER_GLOBAL_ACCENT_COLOR_NAME = AccentColor;
				CODE_SIGN_STYLE = Automatic;
				CURRENT_PROJECT_VERSION = 1;
				DEVELOPMENT_ASSET_PATHS = "\"UberSwiftUI/Preview Content\"";
				DEVELOPMENT_TEAM = Z4S8VL3GHH;
				ENABLE_PREVIEWS = YES;
				GENERATE_INFOPLIST_FILE = YES;
				INFOPLIST_KEY_NSLocationWhenInUseUsageDescription = "Please allow access to your location letting drivers to find you";
				INFOPLIST_KEY_UIApplicationSceneManifest_Generation = YES;
				INFOPLIST_KEY_UIApplicationSupportsIndirectInputEvents = YES;
				INFOPLIST_KEY_UILaunchScreen_Generation = YES;
				INFOPLIST_KEY_UISupportedInterfaceOrientations_iPad = "UIInterfaceOrientationPortrait UIInterfaceOrientationPortraitUpsideDown UIInterfaceOrientationLandscapeLeft UIInterfaceOrientationLandscapeRight";
				INFOPLIST_KEY_UISupportedInterfaceOrientations_iPhone = "UIInterfaceOrientationPortrait UIInterfaceOrientationLandscapeLeft UIInterfaceOrientationLandscapeRight";
				LD_RUNPATH_SEARCH_PATHS = (
					"$(inherited)",
					"@executable_path/Frameworks",
				);
				MARKETING_VERSION = 1.0;
				PRODUCT_BUNDLE_IDENTIFIER = su.andrerusso.UberSwiftUI;
				PRODUCT_NAME = "$(TARGET_NAME)";
				SWIFT_EMIT_LOC_STRINGS = YES;
				SWIFT_VERSION = 5.0;
				TARGETED_DEVICE_FAMILY = "1,2";
			};
			name = Release;
		};
/* End XCBuildConfiguration section */

/* Begin XCConfigurationList section */
		B4B5EA6629005FFD00D46ADA /* Build configuration list for PBXProject "UberSwiftUI" */ = {
			isa = XCConfigurationList;
			buildConfigurations = (
				B4B5EA7729005FFE00D46ADA /* Debug */,
				B4B5EA7829005FFE00D46ADA /* Release */,
			);
			defaultConfigurationIsVisible = 0;
			defaultConfigurationName = Release;
		};
		B4B5EA7929005FFE00D46ADA /* Build configuration list for PBXNativeTarget "UberSwiftUI" */ = {
			isa = XCConfigurationList;
			buildConfigurations = (
				B4B5EA7A29005FFE00D46ADA /* Debug */,
				B4B5EA7B29005FFE00D46ADA /* Release */,
			);
			defaultConfigurationIsVisible = 0;
			defaultConfigurationName = Release;
		};
/* End XCConfigurationList section */
	};
	rootObject = B4B5EA6329005FFD00D46ADA /* Project object */;
}
